lockfileVersion: '9.0'

settings:
  autoInstallPeers: true
  excludeLinksFromLockfile: false

importers:

  .:
    dependencies:
      '@faker-js/faker':
        specifier: ^9.8.0
        version: 9.8.0
      commander:
        specifier: ^14.0.0
        version: 14.0.0

packages:

  '@faker-js/faker@9.8.0':
    resolution: {integrity: sha512-U9wpuSrJC93jZBxx/Qq2wPjCuYISBueyVUGK7qqdmj7r/nxaxwW8AQDCLeRO7wZnjj94sh3p246cAYjUKuqgfg==}
    engines: {node: '>=18.0.0', npm: '>=9.0.0'}

  commander@14.0.0:
    resolution: {integrity: sha512-2uM9rYjPvyq39NwLRqaiLtWHyDC1FvryJDa2ATTVims5YAS4PupsEQsDvP14FqhFr0P49CYDugi59xaxJlTXRA==}
    engines: {node: '>=20'}

snapshots:

  '@faker-js/faker@9.8.0': {}

  commander@14.0.0: {}
